<Solution>
  <Project Path="StudentManagementApp.Domain/StudentManagementApp.Domain.csproj" />
  <Project Path="StudentManagementApp.Application/StudentManagementApp.Application.csproj" />
  <Project Path="StudentManagementApp.Infrastructure/StudentManagementApp.Infrastructure.csproj" />
  <Project Path="StudentManagementApp/StudentManagementApp.csproj" />
  <Project Path="StudentManagementApp.Test/StudentManagementApp.Test.csproj" />
</Solution>
